// !$*UTF8*$!
{
	archiveVersion = 1;
	classes = {
	};
	objectVersion = 50;
	objects = {

/* Begin PBXBuildFile section */
		CCF2D14025B9C35A00B15452 /* AppDelegate.swift in Sources */ = {isa = PBXBuildFile; fileRef = CCF2D13F25B9C35A00B15452 /* AppDelegate.swift */; };
		CCF2D14225B9C35A00B15452 /* SceneDelegate.swift in Sources */ = {isa = PBXBuildFile; fileRef = CCF2D14125B9C35A00B15452 /* SceneDelegate.swift */; };
		CCF2D14425B9C35A00B15452 /* BooksViewController.swift in Sources */ = {isa = PBXBuildFile; fileRef = CCF2D14325B9C35A00B15452 /* BooksViewController.swift */; };
		CCF2D14725B9C35A00B15452 /* Main.storyboard in Resources */ = {isa = PBXBuildFile; fileRef = CCF2D14525B9C35A00B15452 /* Main.storyboard */; };
		CCF2D14925B9C35B00B15452 /* Assets.xcassets in Resources */ = {isa = PBXBuildFile; fileRef = CCF2D14825B9C35B00B15452 /* Assets.xcassets */; };
		CCF2D14C25B9C35B00B15452 /* LaunchScreen.storyboard in Resources */ = {isa = PBXBuildFile; fileRef = CCF2D14A25B9C35B00B15452 /* LaunchScreen.storyboard */; };
		CCF2D15525B9C3AA00B15452 /* AddBookViewController.swift in Sources */ = {isa = PBXBuildFile; fileRef = CCF2D15425B9C3AA00B15452 /* AddBookViewController.swift */; };
/* End PBXBuildFile section */

/* Begin PBXFileReference section */
		CCF2D13C25B9C35A00B15452 /* Books.app */ = {isa = PBXFileReference; explicitFileType = wrapper.application; includeInIndex = 0; path = Books.app; sourceTree = BUILT_PRODUCTS_DIR; };
		CCF2D13F25B9C35A00B15452 /* AppDelegate.swift */ = {isa = PBXFileReference; lastKnownFileType = sourcecode.swift; path = AppDelegate.swift; sourceTree = "<group>"; };
		CCF2D14125B9C35A00B15452 /* SceneDelegate.swift */ = {isa = PBXFileReference; lastKnownFileType = sourcecode.swift; path = SceneDelegate.swift; sourceTree = "<group>"; };
		CCF2D14325B9C35A00B15452 /* BooksViewController.swift */ = {isa = PBXFileReference; lastKnownFileType = sourcecode.swift; path = BooksViewController.swift; sourceTree = "<group>"; };
		CCF2D14625B9C35A00B15452 /* Base */ = {isa = PBXFileReference; lastKnownFileType = file.storyboard; name = Base; path = Base.lproj/Main.storyboard; sourceTree = "<group>"; };
		CCF2D14825B9C35B00B15452 /* Assets.xcassets */ = {isa = PBXFileReference; lastKnownFileType = folder.assetcatalog; path = Assets.xcassets; sourceTree = "<group>"; };
		CCF2D14B25B9C35B00B15452 /* Base */ = {isa = PBXFileReference; lastKnownFileType = file.storyboard; name = Base; path = Base.lproj/LaunchScreen.storyboard; sourceTree = "<group>"; };
		CCF2D14D25B9C35B00B15452 /* Info.plist */ = {isa = PBXFileReference; lastKnownFileType = text.plist.xml; path = Info.plist; sourceTree = "<group>"; };
		CCF2D15425B9C3AA00B15452 /* AddBookViewController.swift */ = {isa = PBXFileReference; lastKnownFileType = sourcecode.swift; path = AddBookViewController.swift; sourceTree = "<group>"; };
/* End PBXFileReference section */

/* Begin PBXFrameworksBuildPhase section */
		CCF2D13925B9C35A00B15452 /* Frameworks */ = {
			isa = PBXFrameworksBuildPhase;
			buildActionMask = 2147483647;
			files = (
			);
			runOnlyForDeploymentPostprocessing = 0;
		};
/* End PBXFrameworksBuildPhase section */

/* Begin PBXGroup section */
		CCF2D13325B9C35A00B15452 = {
			isa = PBXGroup;
			children = (
				CCF2D13E25B9C35A00B15452 /* Books */,
				CCF2D13D25B9C35A00B15452 /* Products */,
			);
			sourceTree = "<group>";
		};
		CCF2D13D25B9C35A00B15452 /* Products */ = {
			isa = PBXGroup;
			children = (
				CCF2D13C25B9C35A00B15452 /* Books.app */,
			);
			name = Products;
			sourceTree = "<group>";
		};
		CCF2D13E25B9C35A00B15452 /* Books */ = {
			isa = PBXGroup;
			children = (
				CCF2D15725B9C3AF00B15452 /* Delegates */,
				CCF2D15825B9C3B700B15452 /* View Controllers */,
				CCF2D15A25B9C3D900B15452 /* Storyboards */,
				CCF2D15B25B9C3E300B15452 /* Resources */,
				CCF2D15C25B9C3F200B15452 /* Supporting Files */,
			);
			path = Books;
			sourceTree = "<group>";
		};
		CCF2D15725B9C3AF00B15452 /* Delegates */ = {
			isa = PBXGroup;
			children = (
				CCF2D13F25B9C35A00B15452 /* AppDelegate.swift */,
				CCF2D14125B9C35A00B15452 /* SceneDelegate.swift */,
			);
			path = Delegates;
			sourceTree = "<group>";
		};
		CCF2D15825B9C3B700B15452 /* View Controllers */ = {
			isa = PBXGroup;
			children = (
				CCF2D14325B9C35A00B15452 /* BooksViewController.swift */,
				CCF2D15425B9C3AA00B15452 /* AddBookViewController.swift */,
			);
			path = "View Controllers";
			sourceTree = "<group>";
		};
		CCF2D15A25B9C3D900B15452 /* Storyboards */ = {
			isa = PBXGroup;
			children = (
				CCF2D14525B9C35A00B15452 /* Main.storyboard */,
				CCF2D14A25B9C35B00B15452 /* LaunchScreen.storyboard */,
			);
			path = Storyboards;
			sourceTree = "<group>";
		};
		CCF2D15B25B9C3E300B15452 /* Resources */ = {
			isa = PBXGroup;
			children = (
				CCF2D14825B9C35B00B15452 /* Assets.xcassets */,
			);
			path = Resources;
			sourceTree = "<group>";
		};
		CCF2D15C25B9C3F200B15452 /* Supporting Files */ = {
			isa = PBXGroup;
			children = (
				CCF2D14D25B9C35B00B15452 /* Info.plist */,
			);
			path = "Supporting Files";
			sourceTree = "<group>";
		};
/* End PBXGroup section */

/* Begin PBXNativeTarget section */
		CCF2D13B25B9C35A00B15452 /* Books */ = {
			isa = PBXNativeTarget;
			buildConfigurationList = CCF2D15025B9C35B00B15452 /* Build configuration list for PBXNativeTarget "Books" */;
			buildPhases = (
				CCF2D13825B9C35A00B15452 /* Sources */,
				CCF2D13925B9C35A00B15452 /* Frameworks */,
				CCF2D13A25B9C35A00B15452 /* Resources */,
			);
			buildRules = (
			);
			dependencies = (
			);
			name = Books;
			productName = Books;
			productReference = CCF2D13C25B9C35A00B15452 /* Books.app */;
			productType = "com.apple.product-type.application";
		};
/* End PBXNativeTarget section */

/* Begin PBXProject section */
		CCF2D13425B9C35A00B15452 /* Project object */ = {
			isa = PBXProject;
			attributes = {
				LastSwiftUpdateCheck = 1230;
				LastUpgradeCheck = 1230;
				TargetAttributes = {
					CCF2D13B25B9C35A00B15452 = {
						CreatedOnToolsVersion = 12.3;
					};
				};
			};
			buildConfigurationList = CCF2D13725B9C35A00B15452 /* Build configuration list for PBXProject "Books" */;
			compatibilityVersion = "Xcode 9.3";
			developmentRegion = en;
			hasScannedForEncodings = 0;
			knownRegions = (
				en,
				Base,
			);
			mainGroup = CCF2D13325B9C35A00B15452;
			productRefGroup = CCF2D13D25B9C35A00B15452 /* Products */;
			projectDirPath = "";
			projectRoot = "";
			targets = (
				CCF2D13B25B9C35A00B15452 /* Books */,
			);
		};
/* End PBXProject section */

/* Begin PBXResourcesBuildPhase section */
		CCF2D13A25B9C35A00B15452 /* Resources */ = {
			isa = PBXResourcesBuildPhase;
			buildActionMask = 2147483647;
			files = (
				CCF2D14C25B9C35B00B15452 /* LaunchScreen.storyboard in Resources */,
				CCF2D14925B9C35B00B15452 /* Assets.xcassets in Resources */,
				CCF2D14725B9C35A00B15452 /* Main.storyboard in Resources */,
			);
			runOnlyForDeploymentPostprocessing = 0;
		};
/* End PBXResourcesBuildPhase section */

/* Begin PBXSourcesBuildPhase section */
		CCF2D13825B9C35A00B15452 /* Sources */ = {
			isa = PBXSourcesBuildPhase;
			buildActionMask = 2147483647;
			files = (
				CCF2D14425B9C35A00B15452 /* BooksViewController.swift in Sources */,
				CCF2D15525B9C3AA00B15452 /* AddBookViewController.swift in Sources */,
				CCF2D14025B9C35A00B15452 /* AppDelegate.swift in Sources */,
				CCF2D14225B9C35A00B15452 /* SceneDelegate.swift in Sources */,
			);
			runOnlyForDeploymentPostprocessing = 0;
		};
/* End PBXSourcesBuildPhase section */

/* Begin PBXVariantGroup section */
		CCF2D14525B9C35A00B15452 /* Main.storyboard */ = {
			isa = PBXVariantGroup;
			children = (
				CCF2D14625B9C35A00B15452 /* Base */,
			);
			name = Main.storyboard;
			sourceTree = "<group>";
		};
		CCF2D14A25B9C35B00B15452 /* LaunchScreen.storyboard */ = {
			isa = PBXVariantGroup;
			children = (
				CCF2D14B25B9C35B00B15452 /* Base */,
			);
			name = LaunchScreen.storyboard;
			sourceTree = "<group>";
		};
/* End PBXVariantGroup section */

/* Begin XCBuildConfiguration section */
		CCF2D14E25B9C35B00B15452 /* Debug */ = {
			isa = XCBuildConfiguration;
			buildSettings = {
				ALWAYS_SEARCH_USER_PATHS = NO;
				CLANG_ANALYZER_NONNULL = YES;
				CLANG_ANALYZER_NUMBER_OBJECT_CONVERSION = YES_AGGRESSIVE;
				CLANG_CXX_LANGUAGE_STANDARD = "gnu++14";
				CLANG_CXX_LIBRARY = "libc++";
				CLANG_ENABLE_MODULES = YES;
				CLANG_ENABLE_OBJC_ARC = YES;
				CLANG_ENABLE_OBJC_WEAK = YES;
				CLANG_WARN_BLOCK_CAPTURE_AUTORELEASING = YES;
				CLANG_WARN_BOOL_CONVERSION = YES;
				CLANG_WARN_COMMA = YES;
				CLANG_WARN_CONSTANT_CONVERSION = YES;
				CLANG_WARN_DEPRECATED_OBJC_IMPLEMENTATIONS = YES;
				CLANG_WARN_DIRECT_OBJC_ISA_USAGE = YES_ERROR;
				CLANG_WARN_DOCUMENTATION_COMMENTS = YES;
				CLANG_WARN_EMPTY_BODY = YES;
				CLANG_WARN_ENUM_CONVERSION = YES;
				CLANG_WARN_INFINITE_RECURSION = YES;
				CLANG_WARN_INT_CONVERSION = YES;
				CLANG_WARN_NON_LITERAL_NULL_CONVERSION = YES;
				CLANG_WARN_OBJC_IMPLICIT_RETAIN_SELF = YES;
				CLANG_WARN_OBJC_LITERAL_CONVERSION = YES;
				CLANG_WARN_OBJC_ROOT_CLASS = YES_ERROR;
				CLANG_WARN_QUOTED_INCLUDE_IN_FRAMEWORK_HEADER = YES;
				CLANG_WARN_RANGE_LOOP_ANALYSIS = YES;
				CLANG_WARN_STRICT_PROTOTYPES = YES;
				CLANG_WARN_SUSPICIOUS_MOVE = YES;
				CLANG_WARN_UNGUARDED_AVAILABILITY = YES_AGGRESSIVE;
				CLANG_WARN_UNREACHABLE_CODE = YES;
				CLANG_WARN__DUPLICATE_METHOD_MATCH = YES;
				COPY_PHASE_STRIP = NO;
				DEBUG_INFORMATION_FORMAT = dwarf;
				ENABLE_STRICT_OBJC_MSGSEND = YES;
				ENABLE_TESTABILITY = YES;
				GCC_C_LANGUAGE_STANDARD = gnu11;
				GCC_DYNAMIC_NO_PIC = NO;
				GCC_NO_COMMON_BLOCKS = YES;
				GCC_OPTIMIZATION_LEVEL = 0;
				GCC_PREPROCESSOR_DEFINITIONS = (
					"DEBUG=1",
					"$(inherited)",
				);
				GCC_WARN_64_TO_32_BIT_CONVERSION = YES;
				GCC_WARN_ABOUT_RETURN_TYPE = YES_ERROR;
				GCC_WARN_UNDECLARED_SELECTOR = YES;
				GCC_WARN_UNINITIALIZED_AUTOS = YES_AGGRESSIVE;
				GCC_WARN_UNUSED_FUNCTION = YES;
				GCC_WARN_UNUSED_VARIABLE = YES;
				IPHONEOS_DEPLOYMENT_TARGET = 14.3;
				MTL_ENABLE_DEBUG_INFO = INCLUDE_SOURCE;
				MTL_FAST_MATH = YES;
				ONLY_ACTIVE_ARCH = YES;
				SDKROOT = iphoneos;
				SWIFT_ACTIVE_COMPILATION_CONDITIONS = DEBUG;
				SWIFT_OPTIMIZATION_LEVEL = "-Onone";
			};
			name = Debug;
		};
		CCF2D14F25B9C35B00B15452 /* Release */ = {
			isa = XCBuildConfiguration;
			buildSettings = {
				ALWAYS_SEARCH_USER_PATHS = NO;
				CLANG_ANALYZER_NONNULL = YES;
				CLANG_ANALYZER_NUMBER_OBJECT_CONVERSION = YES_AGGRESSIVE;
				CLANG_CXX_LANGUAGE_STANDARD = "gnu++14";
				CLANG_CXX_LIBRARY = "libc++";
				CLANG_ENABLE_MODULES = YES;
				CLANG_ENABLE_OBJC_ARC = YES;
				CLANG_ENABLE_OBJC_WEAK = YES;
				CLANG_WARN_BLOCK_CAPTURE_AUTORELEASING = YES;
				CLANG_WARN_BOOL_CONVERSION = YES;
				CLANG_WARN_COMMA = YES;
				CLANG_WARN_CONSTANT_CONVERSION = YES;
				CLANG_WARN_DEPRECATED_OBJC_IMPLEMENTATIONS = YES;
				CLANG_WARN_DIRECT_OBJC_ISA_USAGE = YES_ERROR;
				CLANG_WARN_DOCUMENTATION_COMMENTS = YES;
				CLANG_WARN_EMPTY_BODY = YES;
				CLANG_WARN_ENUM_CONVERSION = YES;
				CLANG_WARN_INFINITE_RECURSION = YES;
				CLANG_WARN_INT_CONVERSION = YES;
				CLANG_WARN_NON_LITERAL_NULL_CONVERSION = YES;
				CLANG_WARN_OBJC_IMPLICIT_RETAIN_SELF = YES;
				CLANG_WARN_OBJC_LITERAL_CONVERSION = YES;
				CLANG_WARN_OBJC_ROOT_CLASS = YES_ERROR;
				CLANG_WARN_QUOTED_INCLUDE_IN_FRAMEWORK_HEADER = YES;
				CLANG_WARN_RANGE_LOOP_ANALYSIS = YES;
				CLANG_WARN_STRICT_PROTOTYPES = YES;
				CLANG_WARN_SUSPICIOUS_MOVE = YES;
				CLANG_WARN_UNGUARDED_AVAILABILITY = YES_AGGRESSIVE;
				CLANG_WARN_UNREACHABLE_CODE = YES;
				CLANG_WARN__DUPLICATE_METHOD_MATCH = YES;
				COPY_PHASE_STRIP = NO;
				DEBUG_INFORMATION_FORMAT = "dwarf-with-dsym";
				ENABLE_NS_ASSERTIONS = NO;
				ENABLE_STRICT_OBJC_MSGSEND = YES;
				GCC_C_LANGUAGE_STANDARD = gnu11;
				GCC_NO_COMMON_BLOCKS = YES;
				GCC_WARN_64_TO_32_BIT_CONVERSION = YES;
				GCC_WARN_ABOUT_RETURN_TYPE = YES_ERROR;
				GCC_WARN_UNDECLARED_SELECTOR = YES;
				GCC_WARN_UNINITIALIZED_AUTOS = YES_AGGRESSIVE;
				GCC_WARN_UNUSED_FUNCTION = YES;
				GCC_WARN_UNUSED_VARIABLE = YES;
				IPHONEOS_DEPLOYMENT_TARGET = 14.3;
				MTL_ENABLE_DEBUG_INFO = NO;
				MTL_FAST_MATH = YES;
				SDKROOT = iphoneos;
				SWIFT_COMPILATION_MODE = wholemodule;
				SWIFT_OPTIMIZATION_LEVEL = "-O";
				VALIDATE_PRODUCT = YES;
			};
			name = Release;
		};
		CCF2D15125B9C35B00B15452 /* Debug */ = {
			isa = XCBuildConfiguration;
			buildSettings = {
				ASSETCATALOG_COMPILER_APPICON_NAME = AppIcon;
				ASSETCATALOG_COMPILER_GLOBAL_ACCENT_COLOR_NAME = AccentColor;
				CODE_SIGN_STYLE = Automatic;
				DEVELOPMENT_TEAM = 2493UGBPKJ;
				INFOPLIST_FILE = "Books/Supporting Files/Info.plist";
				LD_RUNPATH_SEARCH_PATHS = (
					"$(inherited)",
					"@executable_path/Frameworks",
				);
				PRODUCT_BUNDLE_IDENTIFIER = com.cocoacasts.Books;
				PRODUCT_NAME = "$(TARGET_NAME)";
				SWIFT_VERSION = 5.0;
				TARGETED_DEVICE_FAMILY = "1,2";
			};
			name = Debug;
		};
		CCF2D15225B9C35B00B15452 /* Release */ = {
			isa = XCBuildConfiguration;
			buildSettings = {
				ASSETCATALOG_COMPILER_APPICON_NAME = AppIcon;
				ASSETCATALOG_COMPILER_GLOBAL_ACCENT_COLOR_NAME = AccentColor;
				CODE_SIGN_STYLE = Automatic;
				DEVELOPMENT_TEAM = 2493UGBPKJ;
				INFOPLIST_FILE = "Books/Supporting Files/Info.plist";
				LD_RUNPATH_SEARCH_PATHS = (
					"$(inherited)",
					"@executable_path/Frameworks",
				);
				PRODUCT_BUNDLE_IDENTIFIER = com.cocoacasts.Books;
				PRODUCT_NAME = "$(TARGET_NAME)";
				SWIFT_VERSION = 5.0;
				TARGETED_DEVICE_FAMILY = "1,2";
			};
			name = Release;
		};
/* End XCBuildConfiguration section */

/* Begin XCConfigurationList section */
		CCF2D13725B9C35A00B15452 /* Build configuration list for PBXProject "Books" */ = {
			isa = XCConfigurationList;
			buildConfigurations = (
				CCF2D14E25B9C35B00B15452 /* Debug */,
				CCF2D14F25B9C35B00B15452 /* Release */,
			);
			defaultConfigurationIsVisible = 0;
			defaultConfigurationName = Release;
		};
		CCF2D15025B9C35B00B15452 /* Build configuration list for PBXNativeTarget "Books" */ = {
			isa = XCConfigurationList;
			buildConfigurations = (
				CCF2D15125B9C35B00B15452 /* Debug */,
				CCF2D15225B9C35B00B15452 /* Release */,
			);
			defaultConfigurationIsVisible = 0;
			defaultConfigurationName = Release;
		};
/* End XCConfigurationList section */
	};
	rootObject = CCF2D13425B9C35A00B15452 /* Project object */;
}
